
Microsoft Visual Studio Solution File, Format Version 12.00
# Visual Studio Version 16
VisualStudioVersion = 16.0.30413.136
MinimumVisualStudioVersion = 10.0.40219.1
Project("{FAE04EC0-301F-11D3-BF4B-00C04F79EFBC}") = "Doc so", "Doc so\Doc so.csproj", "{5849CCF4-8CBB-44DF-8308-098A4BBA6500}"
EndProject
Global
	GlobalSection(SolutionConfigurationPlatforms) = preSolution
		Debug|Any CPU = Debug|Any CPU
		Release|Any CPU = Release|Any CPU
	EndGlobalSection
	GlobalSection(ProjectConfigurationPlatforms) = postSolution
		{5849CCF4-8CBB-44DF-8308-098A4BBA6500}.Debug|Any CPU.ActiveCfg = Debug|Any CPU
		{5849CCF4-8CBB-44DF-8308-098A4BBA6500}.Debug|Any CPU.Build.0 = Debug|Any CPU
		{5849CCF4-8CBB-44DF-8308-098A4BBA6500}.Release|Any CPU.ActiveCfg = Release|Any CPU
		{5849CCF4-8CBB-44DF-8308-098A4BBA6500}.Release|Any CPU.Build.0 = Release|Any CPU
	EndGlobalSection
	GlobalSection(SolutionProperties) = preSolution
		HideSolutionNode = FALSE
	EndGlobalSection
	GlobalSection(ExtensibilityGlobals) = postSolution
		SolutionGuid = {5FE111E3-E941-412D-B45A-A0FADDDEE550}
	EndGlobalSection
EndGlobal
